// !$*UTF8*$!
{
	archiveVersion = 1;
	classes = {
	};
	objectVersion = 50;
	objects = {

/* Begin PBXBuildFile section */
		779D2B0121EF69B900655A18 /* AppDelegate.swift in Sources */ = {isa = PBXBuildFile; fileRef = 779D2B0021EF69B900655A18 /* AppDelegate.swift */; };
		779D2B0321EF69B900655A18 /* ClientsViewController.swift in Sources */ = {isa = PBXBuildFile; fileRef = 779D2B0221EF69B900655A18 /* ClientsViewController.swift */; };
		779D2B0621EF69B900655A18 /* Main.storyboard in Resources */ = {isa = PBXBuildFile; fileRef = 779D2B0421EF69B900655A18 /* Main.storyboard */; };
		779D2B0921EF69B900655A18 /* Booking_and_Invoicing_for_Trainers.xcdatamodeld in Sources */ = {isa = PBXBuildFile; fileRef = 779D2B0721EF69B900655A18 /* Booking_and_Invoicing_for_Trainers.xcdatamodeld */; };
		779D2B0B21EF69BB00655A18 /* Assets.xcassets in Resources */ = {isa = PBXBuildFile; fileRef = 779D2B0A21EF69BB00655A18 /* Assets.xcassets */; };
		779D2B0E21EF69BB00655A18 /* LaunchScreen.storyboard in Resources */ = {isa = PBXBuildFile; fileRef = 779D2B0C21EF69BB00655A18 /* LaunchScreen.storyboard */; };
		779D2B1921EF69BB00655A18 /* Booking_and_Invoicing_for_TrainersTests.swift in Sources */ = {isa = PBXBuildFile; fileRef = 779D2B1821EF69BB00655A18 /* Booking_and_Invoicing_for_TrainersTests.swift */; };
/* End PBXBuildFile section */

/* Begin PBXContainerItemProxy section */
		779D2B1521EF69BB00655A18 /* PBXContainerItemProxy */ = {
			isa = PBXContainerItemProxy;
			containerPortal = 779D2AF521EF69B900655A18 /* Project object */;
			proxyType = 1;
			remoteGlobalIDString = 779D2AFC21EF69B900655A18;
			remoteInfo = "Booking and Invoicing for Trainers";
		};
/* End PBXContainerItemProxy section */

/* Begin PBXFileReference section */
		779D2AFD21EF69B900655A18 /* Booking and Invoicing for Trainers.app */ = {isa = PBXFileReference; explicitFileType = wrapper.application; includeInIndex = 0; path = "Booking and Invoicing for Trainers.app"; sourceTree = BUILT_PRODUCTS_DIR; };
		779D2B0021EF69B900655A18 /* AppDelegate.swift */ = {isa = PBXFileReference; lastKnownFileType = sourcecode.swift; path = AppDelegate.swift; sourceTree = "<group>"; };
		779D2B0221EF69B900655A18 /* ClientsViewController.swift */ = {isa = PBXFileReference; lastKnownFileType = sourcecode.swift; path = ClientsViewController.swift; sourceTree = "<group>"; };
		779D2B0521EF69B900655A18 /* Base */ = {isa = PBXFileReference; lastKnownFileType = file.storyboard; name = Base; path = Base.lproj/Main.storyboard; sourceTree = "<group>"; };
		779D2B0821EF69B900655A18 /* Booking_and_Invoicing_for_Trainers.xcdatamodel */ = {isa = PBXFileReference; lastKnownFileType = wrapper.xcdatamodel; path = Booking_and_Invoicing_for_Trainers.xcdatamodel; sourceTree = "<group>"; };
		779D2B0A21EF69BB00655A18 /* Assets.xcassets */ = {isa = PBXFileReference; lastKnownFileType = folder.assetcatalog; path = Assets.xcassets; sourceTree = "<group>"; };
		779D2B0D21EF69BB00655A18 /* Base */ = {isa = PBXFileReference; lastKnownFileType = file.storyboard; name = Base; path = Base.lproj/LaunchScreen.storyboard; sourceTree = "<group>"; };
		779D2B0F21EF69BB00655A18 /* Info.plist */ = {isa = PBXFileReference; lastKnownFileType = text.plist.xml; path = Info.plist; sourceTree = "<group>"; };
		779D2B1421EF69BB00655A18 /* Booking and Invoicing for TrainersTests.xctest */ = {isa = PBXFileReference; explicitFileType = wrapper.cfbundle; includeInIndex = 0; path = "Booking and Invoicing for TrainersTests.xctest"; sourceTree = BUILT_PRODUCTS_DIR; };
		779D2B1821EF69BB00655A18 /* Booking_and_Invoicing_for_TrainersTests.swift */ = {isa = PBXFileReference; lastKnownFileType = sourcecode.swift; path = Booking_and_Invoicing_for_TrainersTests.swift; sourceTree = "<group>"; };
		779D2B1A21EF69BB00655A18 /* Info.plist */ = {isa = PBXFileReference; lastKnownFileType = text.plist.xml; path = Info.plist; sourceTree = "<group>"; };
/* End PBXFileReference section */

/* Begin PBXFrameworksBuildPhase section */
		779D2AFA21EF69B900655A18 /* Frameworks */ = {
			isa = PBXFrameworksBuildPhase;
			buildActionMask = 2147483647;
			files = (
			);
			runOnlyForDeploymentPostprocessing = 0;
		};
		779D2B1121EF69BB00655A18 /* Frameworks */ = {
			isa = PBXFrameworksBuildPhase;
			buildActionMask = 2147483647;
			files = (
			);
			runOnlyForDeploymentPostprocessing = 0;
		};
/* End PBXFrameworksBuildPhase section */

/* Begin PBXGroup section */
		779D2AF421EF69B900655A18 = {
			isa = PBXGroup;
			children = (
				779D2AFF21EF69B900655A18 /* Booking and Invoicing for Trainers */,
				779D2B1721EF69BB00655A18 /* Booking and Invoicing for TrainersTests */,
				779D2AFE21EF69B900655A18 /* Products */,
			);
			sourceTree = "<group>";
		};
		779D2AFE21EF69B900655A18 /* Products */ = {
			isa = PBXGroup;
			children = (
				779D2AFD21EF69B900655A18 /* Booking and Invoicing for Trainers.app */,
				779D2B1421EF69BB00655A18 /* Booking and Invoicing for TrainersTests.xctest */,
			);
			name = Products;
			sourceTree = "<group>";
		};
		779D2AFF21EF69B900655A18 /* Booking and Invoicing for Trainers */ = {
			isa = PBXGroup;
			children = (
				779D2B0021EF69B900655A18 /* AppDelegate.swift */,
				779D2B0A21EF69BB00655A18 /* Assets.xcassets */,
				779D2B0F21EF69BB00655A18 /* Info.plist */,
				779D2B0721EF69B900655A18 /* Booking_and_Invoicing_for_Trainers.xcdatamodeld */,
				779D2B2821EF6DE400655A18 /* ViewModels */,
				779D2B2621EF6D7700655A18 /* ViewControllers */,
				779D2B2721EF6D9800655A18 /* StoryBoards */,
			);
			path = "Booking and Invoicing for Trainers";
			sourceTree = "<group>";
		};
		779D2B1721EF69BB00655A18 /* Booking and Invoicing for TrainersTests */ = {
			isa = PBXGroup;
			children = (
				779D2B1821EF69BB00655A18 /* Booking_and_Invoicing_for_TrainersTests.swift */,
				779D2B1A21EF69BB00655A18 /* Info.plist */,
			);
			path = "Booking and Invoicing for TrainersTests";
			sourceTree = "<group>";
		};
		779D2B2621EF6D7700655A18 /* ViewControllers */ = {
			isa = PBXGroup;
			children = (
				779D2B0221EF69B900655A18 /* ClientsViewController.swift */,
			);
			name = ViewControllers;
			path = "New Group";
			sourceTree = "<group>";
		};
		779D2B2721EF6D9800655A18 /* StoryBoards */ = {
			isa = PBXGroup;
			children = (
				779D2B0C21EF69BB00655A18 /* LaunchScreen.storyboard */,
				779D2B0421EF69B900655A18 /* Main.storyboard */,
			);
			name = StoryBoards;
			path = "New Group1";
			sourceTree = "<group>";
		};
		779D2B2821EF6DE400655A18 /* ViewModels */ = {
			isa = PBXGroup;
			children = (
			);
			name = ViewModels;
			path = "New Group2";
			sourceTree = "<group>";
		};
/* End PBXGroup section */

/* Begin PBXNativeTarget section */
		779D2AFC21EF69B900655A18 /* Booking and Invoicing for Trainers */ = {
			isa = PBXNativeTarget;
			buildConfigurationList = 779D2B1D21EF69BB00655A18 /* Build configuration list for PBXNativeTarget "Booking and Invoicing for Trainers" */;
			buildPhases = (
				779D2AF921EF69B900655A18 /* Sources */,
				779D2AFA21EF69B900655A18 /* Frameworks */,
				779D2AFB21EF69B900655A18 /* Resources */,
			);
			buildRules = (
			);
			dependencies = (
			);
			name = "Booking and Invoicing for Trainers";
			productName = "Booking and Invoicing for Trainers";
			productReference = 779D2AFD21EF69B900655A18 /* Booking and Invoicing for Trainers.app */;
			productType = "com.apple.product-type.application";
		};
		779D2B1321EF69BB00655A18 /* Booking and Invoicing for TrainersTests */ = {
			isa = PBXNativeTarget;
			buildConfigurationList = 779D2B2021EF69BB00655A18 /* Build configuration list for PBXNativeTarget "Booking and Invoicing for TrainersTests" */;
			buildPhases = (
				779D2B1021EF69BB00655A18 /* Sources */,
				779D2B1121EF69BB00655A18 /* Frameworks */,
				779D2B1221EF69BB00655A18 /* Resources */,
			);
			buildRules = (
			);
			dependencies = (
				779D2B1621EF69BB00655A18 /* PBXTargetDependency */,
			);
			name = "Booking and Invoicing for TrainersTests";
			productName = "Booking and Invoicing for TrainersTests";
			productReference = 779D2B1421EF69BB00655A18 /* Booking and Invoicing for TrainersTests.xctest */;
			productType = "com.apple.product-type.bundle.unit-test";
		};
/* End PBXNativeTarget section */

/* Begin PBXProject section */
		779D2AF521EF69B900655A18 /* Project object */ = {
			isa = PBXProject;
			attributes = {
				LastSwiftUpdateCheck = 1010;
				LastUpgradeCheck = 1010;
				ORGANIZATIONNAME = antonsolo;
				TargetAttributes = {
					779D2AFC21EF69B900655A18 = {
						CreatedOnToolsVersion = 10.1;
					};
					779D2B1321EF69BB00655A18 = {
						CreatedOnToolsVersion = 10.1;
						TestTargetID = 779D2AFC21EF69B900655A18;
					};
				};
			};
			buildConfigurationList = 779D2AF821EF69B900655A18 /* Build configuration list for PBXProject "Booking and Invoicing for Trainers" */;
			compatibilityVersion = "Xcode 9.3";
			developmentRegion = en;
			hasScannedForEncodings = 0;
			knownRegions = (
				en,
				Base,
			);
			mainGroup = 779D2AF421EF69B900655A18;
			productRefGroup = 779D2AFE21EF69B900655A18 /* Products */;
			projectDirPath = "";
			projectRoot = "";
			targets = (
				779D2AFC21EF69B900655A18 /* Booking and Invoicing for Trainers */,
				779D2B1321EF69BB00655A18 /* Booking and Invoicing for TrainersTests */,
			);
		};
/* End PBXProject section */

/* Begin PBXResourcesBuildPhase section */
		779D2AFB21EF69B900655A18 /* Resources */ = {
			isa = PBXResourcesBuildPhase;
			buildActionMask = 2147483647;
			files = (
				779D2B0E21EF69BB00655A18 /* LaunchScreen.storyboard in Resources */,
				779D2B0B21EF69BB00655A18 /* Assets.xcassets in Resources */,
				779D2B0621EF69B900655A18 /* Main.storyboard in Resources */,
			);
			runOnlyForDeploymentPostprocessing = 0;
		};
		779D2B1221EF69BB00655A18 /* Resources */ = {
			isa = PBXResourcesBuildPhase;
			buildActionMask = 2147483647;
			files = (
			);
			runOnlyForDeploymentPostprocessing = 0;
		};
/* End PBXResourcesBuildPhase section */

/* Begin PBXSourcesBuildPhase section */
		779D2AF921EF69B900655A18 /* Sources */ = {
			isa = PBXSourcesBuildPhase;
			buildActionMask = 2147483647;
			files = (
				779D2B0321EF69B900655A18 /* ClientsViewController.swift in Sources */,
				779D2B0121EF69B900655A18 /* AppDelegate.swift in Sources */,
				779D2B0921EF69B900655A18 /* Booking_and_Invoicing_for_Trainers.xcdatamodeld in Sources */,
			);
			runOnlyForDeploymentPostprocessing = 0;
		};
		779D2B1021EF69BB00655A18 /* Sources */ = {
			isa = PBXSourcesBuildPhase;
			buildActionMask = 2147483647;
			files = (
				779D2B1921EF69BB00655A18 /* Booking_and_Invoicing_for_TrainersTests.swift in Sources */,
			);
			runOnlyForDeploymentPostprocessing = 0;
		};
/* End PBXSourcesBuildPhase section */

/* Begin PBXTargetDependency section */
		779D2B1621EF69BB00655A18 /* PBXTargetDependency */ = {
			isa = PBXTargetDependency;
			target = 779D2AFC21EF69B900655A18 /* Booking and Invoicing for Trainers */;
			targetProxy = 779D2B1521EF69BB00655A18 /* PBXContainerItemProxy */;
		};
/* End PBXTargetDependency section */

/* Begin PBXVariantGroup section */
		779D2B0421EF69B900655A18 /* Main.storyboard */ = {
			isa = PBXVariantGroup;
			children = (
				779D2B0521EF69B900655A18 /* Base */,
			);
			name = Main.storyboard;
			sourceTree = "<group>";
		};
		779D2B0C21EF69BB00655A18 /* LaunchScreen.storyboard */ = {
			isa = PBXVariantGroup;
			children = (
				779D2B0D21EF69BB00655A18 /* Base */,
			);
			name = LaunchScreen.storyboard;
			sourceTree = "<group>";
		};
/* End PBXVariantGroup section */

/* Begin XCBuildConfiguration section */
		779D2B1B21EF69BB00655A18 /* Debug */ = {
			isa = XCBuildConfiguration;
			buildSettings = {
				ALWAYS_SEARCH_USER_PATHS = NO;
				CLANG_ANALYZER_NONNULL = YES;
				CLANG_ANALYZER_NUMBER_OBJECT_CONVERSION = YES_AGGRESSIVE;
				CLANG_CXX_LANGUAGE_STANDARD = "gnu++14";
				CLANG_CXX_LIBRARY = "libc++";
				CLANG_ENABLE_MODULES = YES;
				CLANG_ENABLE_OBJC_ARC = YES;
				CLANG_ENABLE_OBJC_WEAK = YES;
				CLANG_WARN_BLOCK_CAPTURE_AUTORELEASING = YES;
				CLANG_WARN_BOOL_CONVERSION = YES;
				CLANG_WARN_COMMA = YES;
				CLANG_WARN_CONSTANT_CONVERSION = YES;
				CLANG_WARN_DEPRECATED_OBJC_IMPLEMENTATIONS = YES;
				CLANG_WARN_DIRECT_OBJC_ISA_USAGE = YES_ERROR;
				CLANG_WARN_DOCUMENTATION_COMMENTS = YES;
				CLANG_WARN_EMPTY_BODY = YES;
				CLANG_WARN_ENUM_CONVERSION = YES;
				CLANG_WARN_INFINITE_RECURSION = YES;
				CLANG_WARN_INT_CONVERSION = YES;
				CLANG_WARN_NON_LITERAL_NULL_CONVERSION = YES;
				CLANG_WARN_OBJC_IMPLICIT_RETAIN_SELF = YES;
				CLANG_WARN_OBJC_LITERAL_CONVERSION = YES;
				CLANG_WARN_OBJC_ROOT_CLASS = YES_ERROR;
				CLANG_WARN_RANGE_LOOP_ANALYSIS = YES;
				CLANG_WARN_STRICT_PROTOTYPES = YES;
				CLANG_WARN_SUSPICIOUS_MOVE = YES;
				CLANG_WARN_UNGUARDED_AVAILABILITY = YES_AGGRESSIVE;
				CLANG_WARN_UNREACHABLE_CODE = YES;
				CLANG_WARN__DUPLICATE_METHOD_MATCH = YES;
				CODE_SIGN_IDENTITY = "iPhone Developer";
				COPY_PHASE_STRIP = NO;
				DEBUG_INFORMATION_FORMAT = dwarf;
				ENABLE_STRICT_OBJC_MSGSEND = YES;
				ENABLE_TESTABILITY = YES;
				GCC_C_LANGUAGE_STANDARD = gnu11;
				GCC_DYNAMIC_NO_PIC = NO;
				GCC_NO_COMMON_BLOCKS = YES;
				GCC_OPTIMIZATION_LEVEL = 0;
				GCC_PREPROCESSOR_DEFINITIONS = (
					"DEBUG=1",
					"$(inherited)",
				);
				GCC_WARN_64_TO_32_BIT_CONVERSION = YES;
				GCC_WARN_ABOUT_RETURN_TYPE = YES_ERROR;
				GCC_WARN_UNDECLARED_SELECTOR = YES;
				GCC_WARN_UNINITIALIZED_AUTOS = YES_AGGRESSIVE;
				GCC_WARN_UNUSED_FUNCTION = YES;
				GCC_WARN_UNUSED_VARIABLE = YES;
				IPHONEOS_DEPLOYMENT_TARGET = 12.1;
				MTL_ENABLE_DEBUG_INFO = INCLUDE_SOURCE;
				MTL_FAST_MATH = YES;
				ONLY_ACTIVE_ARCH = YES;
				SDKROOT = iphoneos;
				SWIFT_ACTIVE_COMPILATION_CONDITIONS = DEBUG;
				SWIFT_OPTIMIZATION_LEVEL = "-Onone";
			};
			name = Debug;
		};
		779D2B1C21EF69BB00655A18 /* Release */ = {
			isa = XCBuildConfiguration;
			buildSettings = {
				ALWAYS_SEARCH_USER_PATHS = NO;
				CLANG_ANALYZER_NONNULL = YES;
				CLANG_ANALYZER_NUMBER_OBJECT_CONVERSION = YES_AGGRESSIVE;
				CLANG_CXX_LANGUAGE_STANDARD = "gnu++14";
				CLANG_CXX_LIBRARY = "libc++";
				CLANG_ENABLE_MODULES = YES;
				CLANG_ENABLE_OBJC_ARC = YES;
				CLANG_ENABLE_OBJC_WEAK = YES;
				CLANG_WARN_BLOCK_CAPTURE_AUTORELEASING = YES;
				CLANG_WARN_BOOL_CONVERSION = YES;
				CLANG_WARN_COMMA = YES;
				CLANG_WARN_CONSTANT_CONVERSION = YES;
				CLANG_WARN_DEPRECATED_OBJC_IMPLEMENTATIONS = YES;
				CLANG_WARN_DIRECT_OBJC_ISA_USAGE = YES_ERROR;
				CLANG_WARN_DOCUMENTATION_COMMENTS = YES;
				CLANG_WARN_EMPTY_BODY = YES;
				CLANG_WARN_ENUM_CONVERSION = YES;
				CLANG_WARN_INFINITE_RECURSION = YES;
				CLANG_WARN_INT_CONVERSION = YES;
				CLANG_WARN_NON_LITERAL_NULL_CONVERSION = YES;
				CLANG_WARN_OBJC_IMPLICIT_RETAIN_SELF = YES;
				CLANG_WARN_OBJC_LITERAL_CONVERSION = YES;
				CLANG_WARN_OBJC_ROOT_CLASS = YES_ERROR;
				CLANG_WARN_RANGE_LOOP_ANALYSIS = YES;
				CLANG_WARN_STRICT_PROTOTYPES = YES;
				CLANG_WARN_SUSPICIOUS_MOVE = YES;
				CLANG_WARN_UNGUARDED_AVAILABILITY = YES_AGGRESSIVE;
				CLANG_WARN_UNREACHABLE_CODE = YES;
				CLANG_WARN__DUPLICATE_METHOD_MATCH = YES;
				CODE_SIGN_IDENTITY = "iPhone Developer";
				COPY_PHASE_STRIP = NO;
				DEBUG_INFORMATION_FORMAT = "dwarf-with-dsym";
				ENABLE_NS_ASSERTIONS = NO;
				ENABLE_STRICT_OBJC_MSGSEND = YES;
				GCC_C_LANGUAGE_STANDARD = gnu11;
				GCC_NO_COMMON_BLOCKS = YES;
				GCC_WARN_64_TO_32_BIT_CONVERSION = YES;
				GCC_WARN_ABOUT_RETURN_TYPE = YES_ERROR;
				GCC_WARN_UNDECLARED_SELECTOR = YES;
				GCC_WARN_UNINITIALIZED_AUTOS = YES_AGGRESSIVE;
				GCC_WARN_UNUSED_FUNCTION = YES;
				GCC_WARN_UNUSED_VARIABLE = YES;
				IPHONEOS_DEPLOYMENT_TARGET = 12.1;
				MTL_ENABLE_DEBUG_INFO = NO;
				MTL_FAST_MATH = YES;
				SDKROOT = iphoneos;
				SWIFT_COMPILATION_MODE = wholemodule;
				SWIFT_OPTIMIZATION_LEVEL = "-O";
				VALIDATE_PRODUCT = YES;
			};
			name = Release;
		};
		779D2B1E21EF69BB00655A18 /* Debug */ = {
			isa = XCBuildConfiguration;
			buildSettings = {
				ASSETCATALOG_COMPILER_APPICON_NAME = AppIcon;
				CODE_SIGN_STYLE = Automatic;
				DEVELOPMENT_TEAM = XGL6HPWPPW;
				INFOPLIST_FILE = "Booking and Invoicing for Trainers/Info.plist";
				LD_RUNPATH_SEARCH_PATHS = (
					"$(inherited)",
					"@executable_path/Frameworks",
				);
				PRODUCT_BUNDLE_IDENTIFIER = "a-solo.Booking-and-Invoicing-for-Trainers";
				PRODUCT_NAME = "$(TARGET_NAME)";
				SWIFT_VERSION = 4.2;
				TARGETED_DEVICE_FAMILY = "1,2";
			};
			name = Debug;
		};
		779D2B1F21EF69BB00655A18 /* Release */ = {
			isa = XCBuildConfiguration;
			buildSettings = {
				ASSETCATALOG_COMPILER_APPICON_NAME = AppIcon;
				CODE_SIGN_STYLE = Automatic;
				DEVELOPMENT_TEAM = XGL6HPWPPW;
				INFOPLIST_FILE = "Booking and Invoicing for Trainers/Info.plist";
				LD_RUNPATH_SEARCH_PATHS = (
					"$(inherited)",
					"@executable_path/Frameworks",
				);
				PRODUCT_BUNDLE_IDENTIFIER = "a-solo.Booking-and-Invoicing-for-Trainers";
				PRODUCT_NAME = "$(TARGET_NAME)";
				SWIFT_VERSION = 4.2;
				TARGETED_DEVICE_FAMILY = "1,2";
			};
			name = Release;
		};
		779D2B2121EF69BB00655A18 /* Debug */ = {
			isa = XCBuildConfiguration;
			buildSettings = {
				ALWAYS_EMBED_SWIFT_STANDARD_LIBRARIES = YES;
				BUNDLE_LOADER = "$(TEST_HOST)";
				CODE_SIGN_STYLE = Automatic;
				DEVELOPMENT_TEAM = XGL6HPWPPW;
				INFOPLIST_FILE = "Booking and Invoicing for TrainersTests/Info.plist";
				LD_RUNPATH_SEARCH_PATHS = (
					"$(inherited)",
					"@executable_path/Frameworks",
					"@loader_path/Frameworks",
				);
				PRODUCT_BUNDLE_IDENTIFIER = "a-solo.Booking-and-Invoicing-for-TrainersTests";
				PRODUCT_NAME = "$(TARGET_NAME)";
				SWIFT_VERSION = 4.2;
				TARGETED_DEVICE_FAMILY = "1,2";
				TEST_HOST = "$(BUILT_PRODUCTS_DIR)/Booking and Invoicing for Trainers.app/Booking and Invoicing for Trainers";
			};
			name = Debug;
		};
		779D2B2221EF69BB00655A18 /* Release */ = {
			isa = XCBuildConfiguration;
			buildSettings = {
				ALWAYS_EMBED_SWIFT_STANDARD_LIBRARIES = YES;
				BUNDLE_LOADER = "$(TEST_HOST)";
				CODE_SIGN_STYLE = Automatic;
				DEVELOPMENT_TEAM = XGL6HPWPPW;
				INFOPLIST_FILE = "Booking and Invoicing for TrainersTests/Info.plist";
				LD_RUNPATH_SEARCH_PATHS = (
					"$(inherited)",
					"@executable_path/Frameworks",
					"@loader_path/Frameworks",
				);
				PRODUCT_BUNDLE_IDENTIFIER = "a-solo.Booking-and-Invoicing-for-TrainersTests";
				PRODUCT_NAME = "$(TARGET_NAME)";
				SWIFT_VERSION = 4.2;
				TARGETED_DEVICE_FAMILY = "1,2";
				TEST_HOST = "$(BUILT_PRODUCTS_DIR)/Booking and Invoicing for Trainers.app/Booking and Invoicing for Trainers";
			};
			name = Release;
		};
/* End XCBuildConfiguration section */

/* Begin XCConfigurationList section */
		779D2AF821EF69B900655A18 /* Build configuration list for PBXProject "Booking and Invoicing for Trainers" */ = {
			isa = XCConfigurationList;
			buildConfigurations = (
				779D2B1B21EF69BB00655A18 /* Debug */,
				779D2B1C21EF69BB00655A18 /* Release */,
			);
			defaultConfigurationIsVisible = 0;
			defaultConfigurationName = Release;
		};
		779D2B1D21EF69BB00655A18 /* Build configuration list for PBXNativeTarget "Booking and Invoicing for Trainers" */ = {
			isa = XCConfigurationList;
			buildConfigurations = (
				779D2B1E21EF69BB00655A18 /* Debug */,
				779D2B1F21EF69BB00655A18 /* Release */,
			);
			defaultConfigurationIsVisible = 0;
			defaultConfigurationName = Release;
		};
		779D2B2021EF69BB00655A18 /* Build configuration list for PBXNativeTarget "Booking and Invoicing for TrainersTests" */ = {
			isa = XCConfigurationList;
			buildConfigurations = (
				779D2B2121EF69BB00655A18 /* Debug */,
				779D2B2221EF69BB00655A18 /* Release */,
			);
			defaultConfigurationIsVisible = 0;
			defaultConfigurationName = Release;
		};
/* End XCConfigurationList section */

/* Begin XCVersionGroup section */
		779D2B0721EF69B900655A18 /* Booking_and_Invoicing_for_Trainers.xcdatamodeld */ = {
			isa = XCVersionGroup;
			children = (
				779D2B0821EF69B900655A18 /* Booking_and_Invoicing_for_Trainers.xcdatamodel */,
			);
			currentVersion = 779D2B0821EF69B900655A18 /* Booking_and_Invoicing_for_Trainers.xcdatamodel */;
			path = Booking_and_Invoicing_for_Trainers.xcdatamodeld;
			sourceTree = "<group>";
			versionGroupType = wrapper.xcdatamodel;
		};
/* End XCVersionGroup section */
	};
	rootObject = 779D2AF521EF69B900655A18 /* Project object */;
}
